
Microsoft Visual Studio Solution File, Format Version 11.00
# Visual Studio 2010
Project("{FAE04EC0-301F-11D3-BF4B-00C04F79EFBC}") = "Server", "Server\Server.csproj", "{47C88D7B-F4E0-4340-A7D6-D29C9210D203}"
EndProject
Project("{FAE04EC0-301F-11D3-BF4B-00C04F79EFBC}") = "Client", "Client\Client.csproj", "{BBA2C41B-B26E-4762-A2AA-B00143BACCF9}"
EndProject
Project("{FAE04EC0-301F-11D3-BF4B-00C04F79EFBC}") = "Common", "Common\Common.csproj", "{EB1E114E-F0AE-4F30-927D-2683CCB9FB13}"
EndProject
Global
	GlobalSection(SolutionConfigurationPlatforms) = preSolution
		Debug|Any CPU = Debug|Any CPU
		Debug|Mixed Platforms = Debug|Mixed Platforms
		Debug|x86 = Debug|x86
		Release|Any CPU = Release|Any CPU
		Release|Mixed Platforms = Release|Mixed Platforms
		Release|x86 = Release|x86
	EndGlobalSection
	GlobalSection(ProjectConfigurationPlatforms) = postSolution
		{47C88D7B-F4E0-4340-A7D6-D29C9210D203}.Debug|Any CPU.ActiveCfg = Debug|x86
		{47C88D7B-F4E0-4340-A7D6-D29C9210D203}.Debug|Mixed Platforms.ActiveCfg = Debug|x86
		{47C88D7B-F4E0-4340-A7D6-D29C9210D203}.Debug|Mixed Platforms.Build.0 = Debug|x86
		{47C88D7B-F4E0-4340-A7D6-D29C9210D203}.Debug|x86.ActiveCfg = Debug|x86
		{47C88D7B-F4E0-4340-A7D6-D29C9210D203}.Debug|x86.Build.0 = Debug|x86
		{47C88D7B-F4E0-4340-A7D6-D29C9210D203}.Release|Any CPU.ActiveCfg = Release|x86
		{47C88D7B-F4E0-4340-A7D6-D29C9210D203}.Release|Mixed Platforms.ActiveCfg = Release|x86
		{47C88D7B-F4E0-4340-A7D6-D29C9210D203}.Release|Mixed Platforms.Build.0 = Release|x86
		{47C88D7B-F4E0-4340-A7D6-D29C9210D203}.Release|x86.ActiveCfg = Release|x86
		{47C88D7B-F4E0-4340-A7D6-D29C9210D203}.Release|x86.Build.0 = Release|x86
		{BBA2C41B-B26E-4762-A2AA-B00143BACCF9}.Debug|Any CPU.ActiveCfg = Debug|x86
		{BBA2C41B-B26E-4762-A2AA-B00143BACCF9}.Debug|Mixed Platforms.ActiveCfg = Debug|x86
		{BBA2C41B-B26E-4762-A2AA-B00143BACCF9}.Debug|Mixed Platforms.Build.0 = Debug|x86
		{BBA2C41B-B26E-4762-A2AA-B00143BACCF9}.Debug|x86.ActiveCfg = Debug|x86
		{BBA2C41B-B26E-4762-A2AA-B00143BACCF9}.Debug|x86.Build.0 = Debug|x86
		{BBA2C41B-B26E-4762-A2AA-B00143BACCF9}.Release|Any CPU.ActiveCfg = Release|x86
		{BBA2C41B-B26E-4762-A2AA-B00143BACCF9}.Release|Mixed Platforms.ActiveCfg = Release|x86
		{BBA2C41B-B26E-4762-A2AA-B00143BACCF9}.Release|Mixed Platforms.Build.0 = Release|x86
		{BBA2C41B-B26E-4762-A2AA-B00143BACCF9}.Release|x86.ActiveCfg = Release|x86
		{BBA2C41B-B26E-4762-A2AA-B00143BACCF9}.Release|x86.Build.0 = Release|x86
		{EB1E114E-F0AE-4F30-927D-2683CCB9FB13}.Debug|Any CPU.ActiveCfg = Debug|Any CPU
		{EB1E114E-F0AE-4F30-927D-2683CCB9FB13}.Debug|Any CPU.Build.0 = Debug|Any CPU
		{EB1E114E-F0AE-4F30-927D-2683CCB9FB13}.Debug|Mixed Platforms.ActiveCfg = Debug|Any CPU
		{EB1E114E-F0AE-4F30-927D-2683CCB9FB13}.Debug|Mixed Platforms.Build.0 = Debug|Any CPU
		{EB1E114E-F0AE-4F30-927D-2683CCB9FB13}.Debug|x86.ActiveCfg = Debug|Any CPU
		{EB1E114E-F0AE-4F30-927D-2683CCB9FB13}.Release|Any CPU.ActiveCfg = Release|Any CPU
		{EB1E114E-F0AE-4F30-927D-2683CCB9FB13}.Release|Any CPU.Build.0 = Release|Any CPU
		{EB1E114E-F0AE-4F30-927D-2683CCB9FB13}.Release|Mixed Platforms.ActiveCfg = Release|Any CPU
		{EB1E114E-F0AE-4F30-927D-2683CCB9FB13}.Release|Mixed Platforms.Build.0 = Release|Any CPU
		{EB1E114E-F0AE-4F30-927D-2683CCB9FB13}.Release|x86.ActiveCfg = Release|Any CPU
	EndGlobalSection
	GlobalSection(SolutionProperties) = preSolution
		HideSolutionNode = FALSE
	EndGlobalSection
EndGlobal
